// !$*UTF8*$!
{
	archiveVersion = 1;
	classes = {
	};
	objectVersion = 50;
	objects = {

/* Begin PBXBuildFile section */
		7523EA8E26AC9ABC0062C49A /* End.storyboard in Resources */ = {isa = PBXBuildFile; fileRef = 7523EA8D26AC9ABC0062C49A /* End.storyboard */; };
		7523EA9026AC9AFB0062C49A /* EndViewController.swift in Sources */ = {isa = PBXBuildFile; fileRef = 7523EA8F26AC9AFB0062C49A /* EndViewController.swift */; };
		7531996626A8E4B700B10CC9 /* StoriesCollectionViewCell.swift in Sources */ = {isa = PBXBuildFile; fileRef = 7531996426A8E4B700B10CC9 /* StoriesCollectionViewCell.swift */; };
		7531996726A8E4B700B10CC9 /* StoriesCollectionViewCell.xib in Resources */ = {isa = PBXBuildFile; fileRef = 7531996526A8E4B700B10CC9 /* StoriesCollectionViewCell.xib */; };
		7531996926A8E88600B10CC9 /* FeedTableViewCell.xib in Resources */ = {isa = PBXBuildFile; fileRef = 7531996826A8E88600B10CC9 /* FeedTableViewCell.xib */; };
		7531996F26A8F1A400B10CC9 /* StorieItem.swift in Sources */ = {isa = PBXBuildFile; fileRef = 7531996E26A8F1A400B10CC9 /* StorieItem.swift */; };
		754F189F26A9A46100B693D0 /* AlertOptions.swift in Sources */ = {isa = PBXBuildFile; fileRef = 754F189E26A9A46100B693D0 /* AlertOptions.swift */; };
		754F18A126A9A5BB00B693D0 /* Alertable.swift in Sources */ = {isa = PBXBuildFile; fileRef = 754F18A026A9A5BB00B693D0 /* Alertable.swift */; };
		754F18AE26AA099700B693D0 /* SettingsViewCell.swift in Sources */ = {isa = PBXBuildFile; fileRef = 754F18AC26AA099700B693D0 /* SettingsViewCell.swift */; };
		754F18AF26AA099700B693D0 /* SettingsViewCell.xib in Resources */ = {isa = PBXBuildFile; fileRef = 754F18AD26AA099700B693D0 /* SettingsViewCell.xib */; };
		754F18B126AA0B2000B693D0 /* Config.storyboard in Resources */ = {isa = PBXBuildFile; fileRef = 754F18B026AA0B2000B693D0 /* Config.storyboard */; };
		754F18B326AA0B4100B693D0 /* ConfigViewController.swift in Sources */ = {isa = PBXBuildFile; fileRef = 754F18B226AA0B4100B693D0 /* ConfigViewController.swift */; };
		754F18B526AA0C7000B693D0 /* ConfigItem.swift in Sources */ = {isa = PBXBuildFile; fileRef = 754F18B426AA0C7000B693D0 /* ConfigItem.swift */; };
		754F18B726AA1A6200B693D0 /* AppCoordinator.swift in Sources */ = {isa = PBXBuildFile; fileRef = 754F18B626AA1A6200B693D0 /* AppCoordinator.swift */; };
		75AA3DEE26A845BD00F6F74C /* AppDelegate.swift in Sources */ = {isa = PBXBuildFile; fileRef = 75AA3DED26A845BD00F6F74C /* AppDelegate.swift */; };
		75AA3DF026A845BD00F6F74C /* SceneDelegate.swift in Sources */ = {isa = PBXBuildFile; fileRef = 75AA3DEF26A845BD00F6F74C /* SceneDelegate.swift */; };
		75AA3DF226A845BD00F6F74C /* HomeViewController.swift in Sources */ = {isa = PBXBuildFile; fileRef = 75AA3DF126A845BD00F6F74C /* HomeViewController.swift */; };
		75AA3DF526A845BD00F6F74C /* Main.storyboard in Resources */ = {isa = PBXBuildFile; fileRef = 75AA3DF326A845BD00F6F74C /* Main.storyboard */; };
		75AA3DF726A845C300F6F74C /* Assets.xcassets in Resources */ = {isa = PBXBuildFile; fileRef = 75AA3DF626A845C300F6F74C /* Assets.xcassets */; };
		75AA3E0426A8677F00F6F74C /* Home.storyboard in Resources */ = {isa = PBXBuildFile; fileRef = 75AA3E0326A8677F00F6F74C /* Home.storyboard */; };
		75AA3E0B26A8C69700F6F74C /* LoginViewController.swift in Sources */ = {isa = PBXBuildFile; fileRef = 75AA3E0A26A8C69700F6F74C /* LoginViewController.swift */; };
		75AA3E1226A8D92100F6F74C /* FeedTableViewCell.swift in Sources */ = {isa = PBXBuildFile; fileRef = 75AA3E1126A8D92100F6F74C /* FeedTableViewCell.swift */; };
		75AA3E1526A8DA7C00F6F74C /* FeedItem.swift in Sources */ = {isa = PBXBuildFile; fileRef = 75AA3E1426A8DA7C00F6F74C /* FeedItem.swift */; };
/* End PBXBuildFile section */

/* Begin PBXFileReference section */
		7523EA8D26AC9ABC0062C49A /* End.storyboard */ = {isa = PBXFileReference; lastKnownFileType = file.storyboard; path = End.storyboard; sourceTree = "<group>"; };
		7523EA8F26AC9AFB0062C49A /* EndViewController.swift */ = {isa = PBXFileReference; lastKnownFileType = sourcecode.swift; path = EndViewController.swift; sourceTree = "<group>"; };
		7531996426A8E4B700B10CC9 /* StoriesCollectionViewCell.swift */ = {isa = PBXFileReference; lastKnownFileType = sourcecode.swift; path = StoriesCollectionViewCell.swift; sourceTree = "<group>"; };
		7531996526A8E4B700B10CC9 /* StoriesCollectionViewCell.xib */ = {isa = PBXFileReference; lastKnownFileType = file.xib; path = StoriesCollectionViewCell.xib; sourceTree = "<group>"; };
		7531996826A8E88600B10CC9 /* FeedTableViewCell.xib */ = {isa = PBXFileReference; fileEncoding = 4; lastKnownFileType = file.xib; path = FeedTableViewCell.xib; sourceTree = "<group>"; };
		7531996E26A8F1A400B10CC9 /* StorieItem.swift */ = {isa = PBXFileReference; lastKnownFileType = sourcecode.swift; path = StorieItem.swift; sourceTree = "<group>"; };
		754F189E26A9A46100B693D0 /* AlertOptions.swift */ = {isa = PBXFileReference; lastKnownFileType = sourcecode.swift; path = AlertOptions.swift; sourceTree = "<group>"; };
		754F18A026A9A5BB00B693D0 /* Alertable.swift */ = {isa = PBXFileReference; lastKnownFileType = sourcecode.swift; path = Alertable.swift; sourceTree = "<group>"; };
		754F18AC26AA099700B693D0 /* SettingsViewCell.swift */ = {isa = PBXFileReference; lastKnownFileType = sourcecode.swift; path = SettingsViewCell.swift; sourceTree = "<group>"; };
		754F18AD26AA099700B693D0 /* SettingsViewCell.xib */ = {isa = PBXFileReference; lastKnownFileType = file.xib; path = SettingsViewCell.xib; sourceTree = "<group>"; };
		754F18B026AA0B2000B693D0 /* Config.storyboard */ = {isa = PBXFileReference; lastKnownFileType = file.storyboard; path = Config.storyboard; sourceTree = "<group>"; };
		754F18B226AA0B4100B693D0 /* ConfigViewController.swift */ = {isa = PBXFileReference; lastKnownFileType = sourcecode.swift; path = ConfigViewController.swift; sourceTree = "<group>"; };
		754F18B426AA0C7000B693D0 /* ConfigItem.swift */ = {isa = PBXFileReference; lastKnownFileType = sourcecode.swift; path = ConfigItem.swift; sourceTree = "<group>"; };
		754F18B626AA1A6200B693D0 /* AppCoordinator.swift */ = {isa = PBXFileReference; lastKnownFileType = sourcecode.swift; path = AppCoordinator.swift; sourceTree = "<group>"; };
		75AA3DEA26A845BD00F6F74C /* antigram.app */ = {isa = PBXFileReference; explicitFileType = wrapper.application; includeInIndex = 0; path = antigram.app; sourceTree = BUILT_PRODUCTS_DIR; };
		75AA3DED26A845BD00F6F74C /* AppDelegate.swift */ = {isa = PBXFileReference; lastKnownFileType = sourcecode.swift; path = AppDelegate.swift; sourceTree = "<group>"; };
		75AA3DEF26A845BD00F6F74C /* SceneDelegate.swift */ = {isa = PBXFileReference; lastKnownFileType = sourcecode.swift; path = SceneDelegate.swift; sourceTree = "<group>"; };
		75AA3DF126A845BD00F6F74C /* HomeViewController.swift */ = {isa = PBXFileReference; lastKnownFileType = sourcecode.swift; path = HomeViewController.swift; sourceTree = "<group>"; };
		75AA3DF426A845BD00F6F74C /* Base */ = {isa = PBXFileReference; lastKnownFileType = file.storyboard; name = Base; path = Base.lproj/Main.storyboard; sourceTree = "<group>"; };
		75AA3DF626A845C300F6F74C /* Assets.xcassets */ = {isa = PBXFileReference; lastKnownFileType = folder.assetcatalog; path = Assets.xcassets; sourceTree = "<group>"; };
		75AA3DFB26A845C300F6F74C /* Info.plist */ = {isa = PBXFileReference; lastKnownFileType = text.plist.xml; path = Info.plist; sourceTree = "<group>"; };
		75AA3E0326A8677F00F6F74C /* Home.storyboard */ = {isa = PBXFileReference; lastKnownFileType = file.storyboard; path = Home.storyboard; sourceTree = "<group>"; };
		75AA3E0A26A8C69700F6F74C /* LoginViewController.swift */ = {isa = PBXFileReference; lastKnownFileType = sourcecode.swift; path = LoginViewController.swift; sourceTree = "<group>"; };
		75AA3E1126A8D92100F6F74C /* FeedTableViewCell.swift */ = {isa = PBXFileReference; lastKnownFileType = sourcecode.swift; path = FeedTableViewCell.swift; sourceTree = "<group>"; };
		75AA3E1426A8DA7C00F6F74C /* FeedItem.swift */ = {isa = PBXFileReference; lastKnownFileType = sourcecode.swift; path = FeedItem.swift; sourceTree = "<group>"; };
/* End PBXFileReference section */

/* Begin PBXFrameworksBuildPhase section */
		75AA3DE726A845BD00F6F74C /* Frameworks */ = {
			isa = PBXFrameworksBuildPhase;
			buildActionMask = 2147483647;
			files = (
			);
			runOnlyForDeploymentPostprocessing = 0;
		};
/* End PBXFrameworksBuildPhase section */

/* Begin PBXGroup section */
		754F18A226A9A63200B693D0 /* Protocols */ = {
			isa = PBXGroup;
			children = (
				754F18A026A9A5BB00B693D0 /* Alertable.swift */,
			);
			path = Protocols;
			sourceTree = "<group>";
		};
		754F18A526AA06BE00B693D0 /* ViewControllers */ = {
			isa = PBXGroup;
			children = (
				75AA3E1126A8D92100F6F74C /* FeedTableViewCell.swift */,
				7523EA8F26AC9AFB0062C49A /* EndViewController.swift */,
				7531996426A8E4B700B10CC9 /* StoriesCollectionViewCell.swift */,
				75AA3E0A26A8C69700F6F74C /* LoginViewController.swift */,
				754F18B226AA0B4100B693D0 /* ConfigViewController.swift */,
				75AA3DF126A845BD00F6F74C /* HomeViewController.swift */,
				754F18AC26AA099700B693D0 /* SettingsViewCell.swift */,
			);
			path = ViewControllers;
			sourceTree = "<group>";
		};
		75AA3DE126A845BD00F6F74C = {
			isa = PBXGroup;
			children = (
				75AA3DEC26A845BD00F6F74C /* antigram */,
				75AA3DEB26A845BD00F6F74C /* Products */,
			);
			sourceTree = "<group>";
		};
		75AA3DEB26A845BD00F6F74C /* Products */ = {
			isa = PBXGroup;
			children = (
				75AA3DEA26A845BD00F6F74C /* antigram.app */,
			);
			name = Products;
			sourceTree = "<group>";
		};
		75AA3DEC26A845BD00F6F74C /* antigram */ = {
			isa = PBXGroup;
			children = (
				754F18B626AA1A6200B693D0 /* AppCoordinator.swift */,
				75AA3DED26A845BD00F6F74C /* AppDelegate.swift */,
				75AA3DEF26A845BD00F6F74C /* SceneDelegate.swift */,
				754F18A226A9A63200B693D0 /* Protocols */,
				75AA3E1326A8DA6700F6F74C /* Models */,
				75AA3E0C26A8D88300F6F74C /* Views */,
				754F18A526AA06BE00B693D0 /* ViewControllers */,
				75AA3DF626A845C300F6F74C /* Assets.xcassets */,
				75AA3DFB26A845C300F6F74C /* Info.plist */,
			);
			path = antigram;
			sourceTree = "<group>";
		};
		75AA3E0926A8C55900F6F74C /* Storyboards */ = {
			isa = PBXGroup;
			children = (
				7523EA8D26AC9ABC0062C49A /* End.storyboard */,
				75AA3DF326A845BD00F6F74C /* Main.storyboard */,
				75AA3E0326A8677F00F6F74C /* Home.storyboard */,
				754F18B026AA0B2000B693D0 /* Config.storyboard */,
				754F18AD26AA099700B693D0 /* SettingsViewCell.xib */,
			);
			path = Storyboards;
			sourceTree = "<group>";
		};
		75AA3E0C26A8D88300F6F74C /* Views */ = {
			isa = PBXGroup;
			children = (
				75AA3E0926A8C55900F6F74C /* Storyboards */,
				75AA3E0E26A8D8AE00F6F74C /* StoriesCollectionView */,
				75AA3E0D26A8D8A300F6F74C /* FeedTableView */,
			);
			path = Views;
			sourceTree = "<group>";
		};
		75AA3E0D26A8D8A300F6F74C /* FeedTableView */ = {
			isa = PBXGroup;
			children = (
				7531996826A8E88600B10CC9 /* FeedTableViewCell.xib */,
			);
			path = FeedTableView;
			sourceTree = "<group>";
		};
		75AA3E0E26A8D8AE00F6F74C /* StoriesCollectionView */ = {
			isa = PBXGroup;
			children = (
				7531996526A8E4B700B10CC9 /* StoriesCollectionViewCell.xib */,
			);
			path = StoriesCollectionView;
			sourceTree = "<group>";
		};
		75AA3E1326A8DA6700F6F74C /* Models */ = {
			isa = PBXGroup;
			children = (
				75AA3E1426A8DA7C00F6F74C /* FeedItem.swift */,
				754F18B426AA0C7000B693D0 /* ConfigItem.swift */,
				7531996E26A8F1A400B10CC9 /* StorieItem.swift */,
				754F189E26A9A46100B693D0 /* AlertOptions.swift */,
			);
			path = Models;
			sourceTree = "<group>";
		};
/* End PBXGroup section */

/* Begin PBXNativeTarget section */
		75AA3DE926A845BD00F6F74C /* antigram */ = {
			isa = PBXNativeTarget;
			buildConfigurationList = 75AA3DFE26A845C300F6F74C /* Build configuration list for PBXNativeTarget "antigram" */;
			buildPhases = (
				75AA3DE626A845BD00F6F74C /* Sources */,
				75AA3DE726A845BD00F6F74C /* Frameworks */,
				75AA3DE826A845BD00F6F74C /* Resources */,
			);
			buildRules = (
			);
			dependencies = (
			);
			name = antigram;
			productName = antigram;
			productReference = 75AA3DEA26A845BD00F6F74C /* antigram.app */;
			productType = "com.apple.product-type.application";
		};
/* End PBXNativeTarget section */

/* Begin PBXProject section */
		75AA3DE226A845BD00F6F74C /* Project object */ = {
			isa = PBXProject;
			attributes = {
				LastSwiftUpdateCheck = 1250;
				LastUpgradeCheck = 1250;
				TargetAttributes = {
					75AA3DE926A845BD00F6F74C = {
						CreatedOnToolsVersion = 12.5.1;
					};
				};
			};
			buildConfigurationList = 75AA3DE526A845BD00F6F74C /* Build configuration list for PBXProject "antigram" */;
			compatibilityVersion = "Xcode 9.3";
			developmentRegion = en;
			hasScannedForEncodings = 0;
			knownRegions = (
				en,
				Base,
			);
			mainGroup = 75AA3DE126A845BD00F6F74C;
			productRefGroup = 75AA3DEB26A845BD00F6F74C /* Products */;
			projectDirPath = "";
			projectRoot = "";
			targets = (
				75AA3DE926A845BD00F6F74C /* antigram */,
			);
		};
/* End PBXProject section */

/* Begin PBXResourcesBuildPhase section */
		75AA3DE826A845BD00F6F74C /* Resources */ = {
			isa = PBXResourcesBuildPhase;
			buildActionMask = 2147483647;
			files = (
				7531996726A8E4B700B10CC9 /* StoriesCollectionViewCell.xib in Resources */,
				75AA3E0426A8677F00F6F74C /* Home.storyboard in Resources */,
				7531996926A8E88600B10CC9 /* FeedTableViewCell.xib in Resources */,
				754F18B126AA0B2000B693D0 /* Config.storyboard in Resources */,
				75AA3DF726A845C300F6F74C /* Assets.xcassets in Resources */,
				7523EA8E26AC9ABC0062C49A /* End.storyboard in Resources */,
				754F18AF26AA099700B693D0 /* SettingsViewCell.xib in Resources */,
				75AA3DF526A845BD00F6F74C /* Main.storyboard in Resources */,
			);
			runOnlyForDeploymentPostprocessing = 0;
		};
/* End PBXResourcesBuildPhase section */

/* Begin PBXSourcesBuildPhase section */
		75AA3DE626A845BD00F6F74C /* Sources */ = {
			isa = PBXSourcesBuildPhase;
			buildActionMask = 2147483647;
			files = (
				7531996F26A8F1A400B10CC9 /* StorieItem.swift in Sources */,
				754F189F26A9A46100B693D0 /* AlertOptions.swift in Sources */,
				754F18B326AA0B4100B693D0 /* ConfigViewController.swift in Sources */,
				75AA3DF226A845BD00F6F74C /* HomeViewController.swift in Sources */,
				75AA3E1226A8D92100F6F74C /* FeedTableViewCell.swift in Sources */,
				754F18B526AA0C7000B693D0 /* ConfigItem.swift in Sources */,
				754F18B726AA1A6200B693D0 /* AppCoordinator.swift in Sources */,
				754F18A126A9A5BB00B693D0 /* Alertable.swift in Sources */,
				75AA3E1526A8DA7C00F6F74C /* FeedItem.swift in Sources */,
				754F18AE26AA099700B693D0 /* SettingsViewCell.swift in Sources */,
				7523EA9026AC9AFB0062C49A /* EndViewController.swift in Sources */,
				7531996626A8E4B700B10CC9 /* StoriesCollectionViewCell.swift in Sources */,
				75AA3E0B26A8C69700F6F74C /* LoginViewController.swift in Sources */,
				75AA3DEE26A845BD00F6F74C /* AppDelegate.swift in Sources */,
				75AA3DF026A845BD00F6F74C /* SceneDelegate.swift in Sources */,
			);
			runOnlyForDeploymentPostprocessing = 0;
		};
/* End PBXSourcesBuildPhase section */

/* Begin PBXVariantGroup section */
		75AA3DF326A845BD00F6F74C /* Main.storyboard */ = {
			isa = PBXVariantGroup;
			children = (
				75AA3DF426A845BD00F6F74C /* Base */,
			);
			name = Main.storyboard;
			sourceTree = "<group>";
		};
/* End PBXVariantGroup section */

/* Begin XCBuildConfiguration section */
		75AA3DFC26A845C300F6F74C /* Debug */ = {
			isa = XCBuildConfiguration;
			buildSettings = {
				ALWAYS_SEARCH_USER_PATHS = NO;
				CLANG_ANALYZER_NONNULL = YES;
				CLANG_ANALYZER_NUMBER_OBJECT_CONVERSION = YES_AGGRESSIVE;
				CLANG_CXX_LANGUAGE_STANDARD = "gnu++14";
				CLANG_CXX_LIBRARY = "libc++";
				CLANG_ENABLE_MODULES = YES;
				CLANG_ENABLE_OBJC_ARC = YES;
				CLANG_ENABLE_OBJC_WEAK = YES;
				CLANG_WARN_BLOCK_CAPTURE_AUTORELEASING = YES;
				CLANG_WARN_BOOL_CONVERSION = YES;
				CLANG_WARN_COMMA = YES;
				CLANG_WARN_CONSTANT_CONVERSION = YES;
				CLANG_WARN_DEPRECATED_OBJC_IMPLEMENTATIONS = YES;
				CLANG_WARN_DIRECT_OBJC_ISA_USAGE = YES_ERROR;
				CLANG_WARN_DOCUMENTATION_COMMENTS = YES;
				CLANG_WARN_EMPTY_BODY = YES;
				CLANG_WARN_ENUM_CONVERSION = YES;
				CLANG_WARN_INFINITE_RECURSION = YES;
				CLANG_WARN_INT_CONVERSION = YES;
				CLANG_WARN_NON_LITERAL_NULL_CONVERSION = YES;
				CLANG_WARN_OBJC_IMPLICIT_RETAIN_SELF = YES;
				CLANG_WARN_OBJC_LITERAL_CONVERSION = YES;
				CLANG_WARN_OBJC_ROOT_CLASS = YES_ERROR;
				CLANG_WARN_QUOTED_INCLUDE_IN_FRAMEWORK_HEADER = YES;
				CLANG_WARN_RANGE_LOOP_ANALYSIS = YES;
				CLANG_WARN_STRICT_PROTOTYPES = YES;
				CLANG_WARN_SUSPICIOUS_MOVE = YES;
				CLANG_WARN_UNGUARDED_AVAILABILITY = YES_AGGRESSIVE;
				CLANG_WARN_UNREACHABLE_CODE = YES;
				CLANG_WARN__DUPLICATE_METHOD_MATCH = YES;
				COPY_PHASE_STRIP = NO;
				DEBUG_INFORMATION_FORMAT = dwarf;
				ENABLE_STRICT_OBJC_MSGSEND = YES;
				ENABLE_TESTABILITY = YES;
				GCC_C_LANGUAGE_STANDARD = gnu11;
				GCC_DYNAMIC_NO_PIC = NO;
				GCC_NO_COMMON_BLOCKS = YES;
				GCC_OPTIMIZATION_LEVEL = 0;
				GCC_PREPROCESSOR_DEFINITIONS = (
					"DEBUG=1",
					"$(inherited)",
				);
				GCC_WARN_64_TO_32_BIT_CONVERSION = YES;
				GCC_WARN_ABOUT_RETURN_TYPE = YES_ERROR;
				GCC_WARN_UNDECLARED_SELECTOR = YES;
				GCC_WARN_UNINITIALIZED_AUTOS = YES_AGGRESSIVE;
				GCC_WARN_UNUSED_FUNCTION = YES;
				GCC_WARN_UNUSED_VARIABLE = YES;
				IPHONEOS_DEPLOYMENT_TARGET = 14.5;
				MTL_ENABLE_DEBUG_INFO = INCLUDE_SOURCE;
				MTL_FAST_MATH = YES;
				ONLY_ACTIVE_ARCH = YES;
				SDKROOT = iphoneos;
				SWIFT_ACTIVE_COMPILATION_CONDITIONS = DEBUG;
				SWIFT_OPTIMIZATION_LEVEL = "-Onone";
			};
			name = Debug;
		};
		75AA3DFD26A845C300F6F74C /* Release */ = {
			isa = XCBuildConfiguration;
			buildSettings = {
				ALWAYS_SEARCH_USER_PATHS = NO;
				CLANG_ANALYZER_NONNULL = YES;
				CLANG_ANALYZER_NUMBER_OBJECT_CONVERSION = YES_AGGRESSIVE;
				CLANG_CXX_LANGUAGE_STANDARD = "gnu++14";
				CLANG_CXX_LIBRARY = "libc++";
				CLANG_ENABLE_MODULES = YES;
				CLANG_ENABLE_OBJC_ARC = YES;
				CLANG_ENABLE_OBJC_WEAK = YES;
				CLANG_WARN_BLOCK_CAPTURE_AUTORELEASING = YES;
				CLANG_WARN_BOOL_CONVERSION = YES;
				CLANG_WARN_COMMA = YES;
				CLANG_WARN_CONSTANT_CONVERSION = YES;
				CLANG_WARN_DEPRECATED_OBJC_IMPLEMENTATIONS = YES;
				CLANG_WARN_DIRECT_OBJC_ISA_USAGE = YES_ERROR;
				CLANG_WARN_DOCUMENTATION_COMMENTS = YES;
				CLANG_WARN_EMPTY_BODY = YES;
				CLANG_WARN_ENUM_CONVERSION = YES;
				CLANG_WARN_INFINITE_RECURSION = YES;
				CLANG_WARN_INT_CONVERSION = YES;
				CLANG_WARN_NON_LITERAL_NULL_CONVERSION = YES;
				CLANG_WARN_OBJC_IMPLICIT_RETAIN_SELF = YES;
				CLANG_WARN_OBJC_LITERAL_CONVERSION = YES;
				CLANG_WARN_OBJC_ROOT_CLASS = YES_ERROR;
				CLANG_WARN_QUOTED_INCLUDE_IN_FRAMEWORK_HEADER = YES;
				CLANG_WARN_RANGE_LOOP_ANALYSIS = YES;
				CLANG_WARN_STRICT_PROTOTYPES = YES;
				CLANG_WARN_SUSPICIOUS_MOVE = YES;
				CLANG_WARN_UNGUARDED_AVAILABILITY = YES_AGGRESSIVE;
				CLANG_WARN_UNREACHABLE_CODE = YES;
				CLANG_WARN__DUPLICATE_METHOD_MATCH = YES;
				COPY_PHASE_STRIP = NO;
				DEBUG_INFORMATION_FORMAT = "dwarf-with-dsym";
				ENABLE_NS_ASSERTIONS = NO;
				ENABLE_STRICT_OBJC_MSGSEND = YES;
				GCC_C_LANGUAGE_STANDARD = gnu11;
				GCC_NO_COMMON_BLOCKS = YES;
				GCC_WARN_64_TO_32_BIT_CONVERSION = YES;
				GCC_WARN_ABOUT_RETURN_TYPE = YES_ERROR;
				GCC_WARN_UNDECLARED_SELECTOR = YES;
				GCC_WARN_UNINITIALIZED_AUTOS = YES_AGGRESSIVE;
				GCC_WARN_UNUSED_FUNCTION = YES;
				GCC_WARN_UNUSED_VARIABLE = YES;
				IPHONEOS_DEPLOYMENT_TARGET = 14.5;
				MTL_ENABLE_DEBUG_INFO = NO;
				MTL_FAST_MATH = YES;
				SDKROOT = iphoneos;
				SWIFT_COMPILATION_MODE = wholemodule;
				SWIFT_OPTIMIZATION_LEVEL = "-O";
				VALIDATE_PRODUCT = YES;
			};
			name = Release;
		};
		75AA3DFF26A845C300F6F74C /* Debug */ = {
			isa = XCBuildConfiguration;
			buildSettings = {
				ASSETCATALOG_COMPILER_APPICON_NAME = AppIcon;
				ASSETCATALOG_COMPILER_GLOBAL_ACCENT_COLOR_NAME = AccentColor;
				CODE_SIGN_STYLE = Automatic;
				DEVELOPMENT_TEAM = C7K95G5W2H;
				INFOPLIST_FILE = antigram/Info.plist;
				LD_RUNPATH_SEARCH_PATHS = (
					"$(inherited)",
					"@executable_path/Frameworks",
				);
				PRODUCT_BUNDLE_IDENTIFIER = com.pupper.Antigram.antigram;
				PRODUCT_NAME = "$(TARGET_NAME)";
				SWIFT_VERSION = 5.0;
				TARGETED_DEVICE_FAMILY = "1,2";
			};
			name = Debug;
		};
		75AA3E0026A845C300F6F74C /* Release */ = {
			isa = XCBuildConfiguration;
			buildSettings = {
				ASSETCATALOG_COMPILER_APPICON_NAME = AppIcon;
				ASSETCATALOG_COMPILER_GLOBAL_ACCENT_COLOR_NAME = AccentColor;
				CODE_SIGN_STYLE = Automatic;
				DEVELOPMENT_TEAM = C7K95G5W2H;
				INFOPLIST_FILE = antigram/Info.plist;
				LD_RUNPATH_SEARCH_PATHS = (
					"$(inherited)",
					"@executable_path/Frameworks",
				);
				PRODUCT_BUNDLE_IDENTIFIER = com.pupper.Antigram.antigram;
				PRODUCT_NAME = "$(TARGET_NAME)";
				SWIFT_VERSION = 5.0;
				TARGETED_DEVICE_FAMILY = "1,2";
			};
			name = Release;
		};
/* End XCBuildConfiguration section */

/* Begin XCConfigurationList section */
		75AA3DE526A845BD00F6F74C /* Build configuration list for PBXProject "antigram" */ = {
			isa = XCConfigurationList;
			buildConfigurations = (
				75AA3DFC26A845C300F6F74C /* Debug */,
				75AA3DFD26A845C300F6F74C /* Release */,
			);
			defaultConfigurationIsVisible = 0;
			defaultConfigurationName = Release;
		};
		75AA3DFE26A845C300F6F74C /* Build configuration list for PBXNativeTarget "antigram" */ = {
			isa = XCConfigurationList;
			buildConfigurations = (
				75AA3DFF26A845C300F6F74C /* Debug */,
				75AA3E0026A845C300F6F74C /* Release */,
			);
			defaultConfigurationIsVisible = 0;
			defaultConfigurationName = Release;
		};
/* End XCConfigurationList section */
	};
	rootObject = 75AA3DE226A845BD00F6F74C /* Project object */;
}
